<?xml version="1.0" encoding="utf-8"?>
<Project ToolsVersion="4.0" xmlns="http://schemas.microsoft.com/developer/msbuild/2003">
  <ItemGroup>
    <Filter Include="core">
      <UniqueIdentifier>{4E40957C-3A77-960D-E363-7C10CF79120F}</UniqueIdentifier>
    </Filter>
    <Filter Include="rendering">
      <UniqueIdentifier>{03CFAD0B-6F39-6282-B877-1328242140D7}</UniqueIdentifier>
    </Filter>
    <Filter Include="rendering\vulkan_impl">
      <UniqueIdentifier>{541B9622-C087-511D-897B-E97AF5A67385}</UniqueIdentifier>
    </Filter>
    <Filter Include="utils">
      <UniqueIdentifier>{169C8510-82B0-ADC1-4B32-5121B705AAF2}</UniqueIdentifier>
    </Filter>
  </ItemGroup>
  <ItemGroup>
    <ClInclude Include="src\core\application.h">
      <Filter>core</Filter>
    </ClInclude>
    <ClInclude Include="src\core\core.h">
      <Filter>core</Filter>
    </ClInclude>
    <ClInclude Include="src\core\log.h">
      <Filter>core</Filter>
    </ClInclude>
    <ClInclude Include="src\core\window.h">
      <Filter>core</Filter>
    </ClInclude>
    <ClInclude Include="src\ec.h" />
    <ClInclude Include="src\rendering\renderer.h">
      <Filter>rendering</Filter>
    </ClInclude>
    <ClInclude Include="src\rendering\stb_image.h">
      <Filter>rendering</Filter>
    </ClInclude>
    <ClInclude Include="src\rendering\vulkan_impl\vulkan_core.h">
      <Filter>rendering\vulkan_impl</Filter>
    </ClInclude>
    <ClInclude Include="src\rendering\vulkan_impl\vulkan_renderer.h">
      <Filter>rendering\vulkan_impl</Filter>
    </ClInclude>
    <ClInclude Include="src\rendering\vulkan_impl\vulkan_synchronisation.h">
      <Filter>rendering\vulkan_impl</Filter>
    </ClInclude>
    <ClInclude Include="src\rendering\vulkan_impl\vulkan_utils.h">
      <Filter>rendering\vulkan_impl</Filter>
    </ClInclude>
    <ClInclude Include="src\utils\file_utils.h">
      <Filter>utils</Filter>
    </ClInclude>
  </ItemGroup>
  <ItemGroup>
    <ClCompile Include="src\core\application.cpp">
      <Filter>core</Filter>
    </ClCompile>
    <ClCompile Include="src\core\log.cpp">
      <Filter>core</Filter>
    </ClCompile>
    <ClCompile Include="src\core\window.cpp">
      <Filter>core</Filter>
    </ClCompile>
    <ClCompile Include="src\rendering\renderer.cpp">
      <Filter>rendering</Filter>
    </ClCompile>
    <ClCompile Include="src\rendering\stb_image.cpp">
      <Filter>rendering</Filter>
    </ClCompile>
    <ClCompile Include="src\rendering\vulkan_impl\vma_implementation.cpp">
      <Filter>rendering\vulkan_impl</Filter>
    </ClCompile>
    <ClCompile Include="src\rendering\vulkan_impl\vulkan_core_buffer.cpp">
      <Filter>rendering\vulkan_impl</Filter>
    </ClCompile>
    <ClCompile Include="src\rendering\vulkan_impl\vulkan_core_context.cpp">
      <Filter>rendering\vulkan_impl</Filter>
    </ClCompile>
    <ClCompile Include="src\rendering\vulkan_impl\vulkan_core_framebuffer.cpp">
      <Filter>rendering\vulkan_impl</Filter>
    </ClCompile>
    <ClCompile Include="src\rendering\vulkan_impl\vulkan_core_image.cpp">
      <Filter>rendering\vulkan_impl</Filter>
    </ClCompile>
    <ClCompile Include="src\rendering\vulkan_impl\vulkan_core_model.cpp">
      <Filter>rendering\vulkan_impl</Filter>
    </ClCompile>
    <ClCompile Include="src\rendering\vulkan_impl\vulkan_core_pipeline.cpp">
      <Filter>rendering\vulkan_impl</Filter>
    </ClCompile>
    <ClCompile Include="src\rendering\vulkan_impl\vulkan_core_renderpass.cpp">
      <Filter>rendering\vulkan_impl</Filter>
    </ClCompile>
    <ClCompile Include="src\rendering\vulkan_impl\vulkan_core_shader.cpp">
      <Filter>rendering\vulkan_impl</Filter>
    </ClCompile>
    <ClCompile Include="src\rendering\vulkan_impl\vulkan_core_swapchain.cpp">
      <Filter>rendering\vulkan_impl</Filter>
    </ClCompile>
    <ClCompile Include="src\rendering\vulkan_impl\vulkan_renderer_bezier.cpp">
      <Filter>rendering\vulkan_impl</Filter>
    </ClCompile>
    <ClCompile Include="src\rendering\vulkan_impl\vulkan_renderer_gooch.cpp">
      <Filter>rendering\vulkan_impl</Filter>
    </ClCompile>
    <ClCompile Include="src\rendering\vulkan_impl\vulkan_renderer_quad.cpp">
      <Filter>rendering\vulkan_impl</Filter>
    </ClCompile>
    <ClCompile Include="src\rendering\vulkan_impl\vulkan_synchronisation.cpp">
      <Filter>rendering\vulkan_impl</Filter>
    </ClCompile>
    <ClCompile Include="src\utils\file_utils.cpp">
      <Filter>utils</Filter>
    </ClCompile>
  </ItemGroup>
</Project>